// !$*UTF8*$!
{
	archiveVersion = 1;
	classes = {
	};
	objectVersion = 50;
	objects = {

/* Begin PBXBuildFile section */
		E9266FDF226EA03800C48C6B /* AppDelegate.m in Sources */ = {isa = PBXBuildFile; fileRef = E9266FDE226EA03800C48C6B /* AppDelegate.m */; };
		E9266FE2226EA03800C48C6B /* ViewController.m in Sources */ = {isa = PBXBuildFile; fileRef = E9266FE1226EA03800C48C6B /* ViewController.m */; };
		E9266FE5226EA03800C48C6B /* Main.storyboard in Resources */ = {isa = PBXBuildFile; fileRef = E9266FE3226EA03800C48C6B /* Main.storyboard */; };
		E9266FE7226EA03900C48C6B /* Assets.xcassets in Resources */ = {isa = PBXBuildFile; fileRef = E9266FE6226EA03900C48C6B /* Assets.xcassets */; };
		E9266FEA226EA03900C48C6B /* LaunchScreen.storyboard in Resources */ = {isa = PBXBuildFile; fileRef = E9266FE8226EA03900C48C6B /* LaunchScreen.storyboard */; };
		E9266FED226EA03900C48C6B /* main.m in Sources */ = {isa = PBXBuildFile; fileRef = E9266FEC226EA03900C48C6B /* main.m */; };
		E9266FF7226EA03900C48C6B /* TwitterCopyTests.m in Sources */ = {isa = PBXBuildFile; fileRef = E9266FF6226EA03900C48C6B /* TwitterCopyTests.m */; };
		E9267002226EA03900C48C6B /* TwitterCopyUITests.m in Sources */ = {isa = PBXBuildFile; fileRef = E9267001226EA03900C48C6B /* TwitterCopyUITests.m */; };
/* End PBXBuildFile section */

/* Begin PBXContainerItemProxy section */
		E9266FF3226EA03900C48C6B /* PBXContainerItemProxy */ = {
			isa = PBXContainerItemProxy;
			containerPortal = E9266FD2226EA03800C48C6B /* Project object */;
			proxyType = 1;
			remoteGlobalIDString = E9266FD9226EA03800C48C6B;
			remoteInfo = TwitterCopy;
		};
		E9266FFE226EA03900C48C6B /* PBXContainerItemProxy */ = {
			isa = PBXContainerItemProxy;
			containerPortal = E9266FD2226EA03800C48C6B /* Project object */;
			proxyType = 1;
			remoteGlobalIDString = E9266FD9226EA03800C48C6B;
			remoteInfo = TwitterCopy;
		};
/* End PBXContainerItemProxy section */

/* Begin PBXFileReference section */
		E9266FDA226EA03800C48C6B /* TwitterCopy.app */ = {isa = PBXFileReference; explicitFileType = wrapper.application; includeInIndex = 0; path = TwitterCopy.app; sourceTree = BUILT_PRODUCTS_DIR; };
		E9266FDD226EA03800C48C6B /* AppDelegate.h */ = {isa = PBXFileReference; lastKnownFileType = sourcecode.c.h; path = AppDelegate.h; sourceTree = "<group>"; };
		E9266FDE226EA03800C48C6B /* AppDelegate.m */ = {isa = PBXFileReference; lastKnownFileType = sourcecode.c.objc; path = AppDelegate.m; sourceTree = "<group>"; };
		E9266FE0226EA03800C48C6B /* ViewController.h */ = {isa = PBXFileReference; lastKnownFileType = sourcecode.c.h; path = ViewController.h; sourceTree = "<group>"; };
		E9266FE1226EA03800C48C6B /* ViewController.m */ = {isa = PBXFileReference; lastKnownFileType = sourcecode.c.objc; path = ViewController.m; sourceTree = "<group>"; };
		E9266FE4226EA03800C48C6B /* Base */ = {isa = PBXFileReference; lastKnownFileType = file.storyboard; name = Base; path = Base.lproj/Main.storyboard; sourceTree = "<group>"; };
		E9266FE6226EA03900C48C6B /* Assets.xcassets */ = {isa = PBXFileReference; lastKnownFileType = folder.assetcatalog; path = Assets.xcassets; sourceTree = "<group>"; };
		E9266FE9226EA03900C48C6B /* Base */ = {isa = PBXFileReference; lastKnownFileType = file.storyboard; name = Base; path = Base.lproj/LaunchScreen.storyboard; sourceTree = "<group>"; };
		E9266FEB226EA03900C48C6B /* Info.plist */ = {isa = PBXFileReference; lastKnownFileType = text.plist.xml; path = Info.plist; sourceTree = "<group>"; };
		E9266FEC226EA03900C48C6B /* main.m */ = {isa = PBXFileReference; lastKnownFileType = sourcecode.c.objc; path = main.m; sourceTree = "<group>"; };
		E9266FF2226EA03900C48C6B /* TwitterCopyTests.xctest */ = {isa = PBXFileReference; explicitFileType = wrapper.cfbundle; includeInIndex = 0; path = TwitterCopyTests.xctest; sourceTree = BUILT_PRODUCTS_DIR; };
		E9266FF6226EA03900C48C6B /* TwitterCopyTests.m */ = {isa = PBXFileReference; lastKnownFileType = sourcecode.c.objc; path = TwitterCopyTests.m; sourceTree = "<group>"; };
		E9266FF8226EA03900C48C6B /* Info.plist */ = {isa = PBXFileReference; lastKnownFileType = text.plist.xml; path = Info.plist; sourceTree = "<group>"; };
		E9266FFD226EA03900C48C6B /* TwitterCopyUITests.xctest */ = {isa = PBXFileReference; explicitFileType = wrapper.cfbundle; includeInIndex = 0; path = TwitterCopyUITests.xctest; sourceTree = BUILT_PRODUCTS_DIR; };
		E9267001226EA03900C48C6B /* TwitterCopyUITests.m */ = {isa = PBXFileReference; lastKnownFileType = sourcecode.c.objc; path = TwitterCopyUITests.m; sourceTree = "<group>"; };
		E9267003226EA03900C48C6B /* Info.plist */ = {isa = PBXFileReference; lastKnownFileType = text.plist.xml; path = Info.plist; sourceTree = "<group>"; };
/* End PBXFileReference section */

/* Begin PBXFrameworksBuildPhase section */
		E9266FD7226EA03800C48C6B /* Frameworks */ = {
			isa = PBXFrameworksBuildPhase;
			buildActionMask = 2147483647;
			files = (
			);
			runOnlyForDeploymentPostprocessing = 0;
		};
		E9266FEF226EA03900C48C6B /* Frameworks */ = {
			isa = PBXFrameworksBuildPhase;
			buildActionMask = 2147483647;
			files = (
			);
			runOnlyForDeploymentPostprocessing = 0;
		};
		E9266FFA226EA03900C48C6B /* Frameworks */ = {
			isa = PBXFrameworksBuildPhase;
			buildActionMask = 2147483647;
			files = (
			);
			runOnlyForDeploymentPostprocessing = 0;
		};
/* End PBXFrameworksBuildPhase section */

/* Begin PBXGroup section */
		E9266FD1226EA03800C48C6B = {
			isa = PBXGroup;
			children = (
				E9266FDC226EA03800C48C6B /* TwitterCopy */,
				E9266FF5226EA03900C48C6B /* TwitterCopyTests */,
				E9267000226EA03900C48C6B /* TwitterCopyUITests */,
				E9266FDB226EA03800C48C6B /* Products */,
			);
			sourceTree = "<group>";
		};
		E9266FDB226EA03800C48C6B /* Products */ = {
			isa = PBXGroup;
			children = (
				E9266FDA226EA03800C48C6B /* TwitterCopy.app */,
				E9266FF2226EA03900C48C6B /* TwitterCopyTests.xctest */,
				E9266FFD226EA03900C48C6B /* TwitterCopyUITests.xctest */,
			);
			name = Products;
			sourceTree = "<group>";
		};
		E9266FDC226EA03800C48C6B /* TwitterCopy */ = {
			isa = PBXGroup;
			children = (
				E9266FDD226EA03800C48C6B /* AppDelegate.h */,
				E9266FDE226EA03800C48C6B /* AppDelegate.m */,
				E9266FE0226EA03800C48C6B /* ViewController.h */,
				E9266FE1226EA03800C48C6B /* ViewController.m */,
				E9266FE3226EA03800C48C6B /* Main.storyboard */,
				E9266FE6226EA03900C48C6B /* Assets.xcassets */,
				E9266FE8226EA03900C48C6B /* LaunchScreen.storyboard */,
				E9266FEB226EA03900C48C6B /* Info.plist */,
				E9266FEC226EA03900C48C6B /* main.m */,
			);
			path = TwitterCopy;
			sourceTree = "<group>";
		};
		E9266FF5226EA03900C48C6B /* TwitterCopyTests */ = {
			isa = PBXGroup;
			children = (
				E9266FF6226EA03900C48C6B /* TwitterCopyTests.m */,
				E9266FF8226EA03900C48C6B /* Info.plist */,
			);
			path = TwitterCopyTests;
			sourceTree = "<group>";
		};
		E9267000226EA03900C48C6B /* TwitterCopyUITests */ = {
			isa = PBXGroup;
			children = (
				E9267001226EA03900C48C6B /* TwitterCopyUITests.m */,
				E9267003226EA03900C48C6B /* Info.plist */,
			);
			path = TwitterCopyUITests;
			sourceTree = "<group>";
		};
/* End PBXGroup section */

/* Begin PBXNativeTarget section */
		E9266FD9226EA03800C48C6B /* TwitterCopy */ = {
			isa = PBXNativeTarget;
			buildConfigurationList = E9267006226EA03900C48C6B /* Build configuration list for PBXNativeTarget "TwitterCopy" */;
			buildPhases = (
				E9266FD6226EA03800C48C6B /* Sources */,
				E9266FD7226EA03800C48C6B /* Frameworks */,
				E9266FD8226EA03800C48C6B /* Resources */,
			);
			buildRules = (
			);
			dependencies = (
			);
			name = TwitterCopy;
			productName = TwitterCopy;
			productReference = E9266FDA226EA03800C48C6B /* TwitterCopy.app */;
			productType = "com.apple.product-type.application";
		};
		E9266FF1226EA03900C48C6B /* TwitterCopyTests */ = {
			isa = PBXNativeTarget;
			buildConfigurationList = E9267009226EA03900C48C6B /* Build configuration list for PBXNativeTarget "TwitterCopyTests" */;
			buildPhases = (
				E9266FEE226EA03900C48C6B /* Sources */,
				E9266FEF226EA03900C48C6B /* Frameworks */,
				E9266FF0226EA03900C48C6B /* Resources */,
			);
			buildRules = (
			);
			dependencies = (
				E9266FF4226EA03900C48C6B /* PBXTargetDependency */,
			);
			name = TwitterCopyTests;
			productName = TwitterCopyTests;
			productReference = E9266FF2226EA03900C48C6B /* TwitterCopyTests.xctest */;
			productType = "com.apple.product-type.bundle.unit-test";
		};
		E9266FFC226EA03900C48C6B /* TwitterCopyUITests */ = {
			isa = PBXNativeTarget;
			buildConfigurationList = E926700C226EA03900C48C6B /* Build configuration list for PBXNativeTarget "TwitterCopyUITests" */;
			buildPhases = (
				E9266FF9226EA03900C48C6B /* Sources */,
				E9266FFA226EA03900C48C6B /* Frameworks */,
				E9266FFB226EA03900C48C6B /* Resources */,
			);
			buildRules = (
			);
			dependencies = (
				E9266FFF226EA03900C48C6B /* PBXTargetDependency */,
			);
			name = TwitterCopyUITests;
			productName = TwitterCopyUITests;
			productReference = E9266FFD226EA03900C48C6B /* TwitterCopyUITests.xctest */;
			productType = "com.apple.product-type.bundle.ui-testing";
		};
/* End PBXNativeTarget section */

/* Begin PBXProject section */
		E9266FD2226EA03800C48C6B /* Project object */ = {
			isa = PBXProject;
			attributes = {
				LastUpgradeCheck = 1300;
				ORGANIZATIONNAME = sidney;
				TargetAttributes = {
					E9266FD9226EA03800C48C6B = {
						CreatedOnToolsVersion = 10.2.1;
					};
					E9266FF1226EA03900C48C6B = {
						CreatedOnToolsVersion = 10.2.1;
						TestTargetID = E9266FD9226EA03800C48C6B;
					};
					E9266FFC226EA03900C48C6B = {
						CreatedOnToolsVersion = 10.2.1;
						TestTargetID = E9266FD9226EA03800C48C6B;
					};
				};
			};
			buildConfigurationList = E9266FD5226EA03800C48C6B /* Build configuration list for PBXProject "TwitterCopy" */;
			compatibilityVersion = "Xcode 9.3";
			developmentRegion = en;
			hasScannedForEncodings = 0;
			knownRegions = (
				en,
				Base,
			);
			mainGroup = E9266FD1226EA03800C48C6B;
			productRefGroup = E9266FDB226EA03800C48C6B /* Products */;
			projectDirPath = "";
			projectRoot = "";
			targets = (
				E9266FD9226EA03800C48C6B /* TwitterCopy */,
				E9266FF1226EA03900C48C6B /* TwitterCopyTests */,
				E9266FFC226EA03900C48C6B /* TwitterCopyUITests */,
			);
		};
/* End PBXProject section */

/* Begin PBXResourcesBuildPhase section */
		E9266FD8226EA03800C48C6B /* Resources */ = {
			isa = PBXResourcesBuildPhase;
			buildActionMask = 2147483647;
			files = (
				E9266FEA226EA03900C48C6B /* LaunchScreen.storyboard in Resources */,
				E9266FE7226EA03900C48C6B /* Assets.xcassets in Resources */,
				E9266FE5226EA03800C48C6B /* Main.storyboard in Resources */,
			);
			runOnlyForDeploymentPostprocessing = 0;
		};
		E9266FF0226EA03900C48C6B /* Resources */ = {
			isa = PBXResourcesBuildPhase;
			buildActionMask = 2147483647;
			files = (
			);
			runOnlyForDeploymentPostprocessing = 0;
		};
		E9266FFB226EA03900C48C6B /* Resources */ = {
			isa = PBXResourcesBuildPhase;
			buildActionMask = 2147483647;
			files = (
			);
			runOnlyForDeploymentPostprocessing = 0;
		};
/* End PBXResourcesBuildPhase section */

/* Begin PBXSourcesBuildPhase section */
		E9266FD6226EA03800C48C6B /* Sources */ = {
			isa = PBXSourcesBuildPhase;
			buildActionMask = 2147483647;
			files = (
				E9266FE2226EA03800C48C6B /* ViewController.m in Sources */,
				E9266FED226EA03900C48C6B /* main.m in Sources */,
				E9266FDF226EA03800C48C6B /* AppDelegate.m in Sources */,
			);
			runOnlyForDeploymentPostprocessing = 0;
		};
		E9266FEE226EA03900C48C6B /* Sources */ = {
			isa = PBXSourcesBuildPhase;
			buildActionMask = 2147483647;
			files = (
				E9266FF7226EA03900C48C6B /* TwitterCopyTests.m in Sources */,
			);
			runOnlyForDeploymentPostprocessing = 0;
		};
		E9266FF9226EA03900C48C6B /* Sources */ = {
			isa = PBXSourcesBuildPhase;
			buildActionMask = 2147483647;
			files = (
				E9267002226EA03900C48C6B /* TwitterCopyUITests.m in Sources */,
			);
			runOnlyForDeploymentPostprocessing = 0;
		};
/* End PBXSourcesBuildPhase section */

/* Begin PBXTargetDependency section */
		E9266FF4226EA03900C48C6B /* PBXTargetDependency */ = {
			isa = PBXTargetDependency;
			target = E9266FD9226EA03800C48C6B /* TwitterCopy */;
			targetProxy = E9266FF3226EA03900C48C6B /* PBXContainerItemProxy */;
		};
		E9266FFF226EA03900C48C6B /* PBXTargetDependency */ = {
			isa = PBXTargetDependency;
			target = E9266FD9226EA03800C48C6B /* TwitterCopy */;
			targetProxy = E9266FFE226EA03900C48C6B /* PBXContainerItemProxy */;
		};
/* End PBXTargetDependency section */

/* Begin PBXVariantGroup section */
		E9266FE3226EA03800C48C6B /* Main.storyboard */ = {
			isa = PBXVariantGroup;
			children = (
				E9266FE4226EA03800C48C6B /* Base */,
			);
			name = Main.storyboard;
			sourceTree = "<group>";
		};
		E9266FE8226EA03900C48C6B /* LaunchScreen.storyboard */ = {
			isa = PBXVariantGroup;
			children = (
				E9266FE9226EA03900C48C6B /* Base */,
			);
			name = LaunchScreen.storyboard;
			sourceTree = "<group>";
		};
/* End PBXVariantGroup section */

/* Begin XCBuildConfiguration section */
		E9267004226EA03900C48C6B /* Debug */ = {
			isa = XCBuildConfiguration;
			buildSettings = {
				ALWAYS_SEARCH_USER_PATHS = NO;
				CLANG_ANALYZER_NONNULL = YES;
				CLANG_ANALYZER_NUMBER_OBJECT_CONVERSION = YES_AGGRESSIVE;
				CLANG_CXX_LANGUAGE_STANDARD = "gnu++14";
				CLANG_CXX_LIBRARY = "libc++";
				CLANG_ENABLE_MODULES = YES;
				CLANG_ENABLE_OBJC_ARC = YES;
				CLANG_ENABLE_OBJC_WEAK = YES;
				CLANG_WARN_BLOCK_CAPTURE_AUTORELEASING = YES;
				CLANG_WARN_BOOL_CONVERSION = YES;
				CLANG_WARN_COMMA = YES;
				CLANG_WARN_CONSTANT_CONVERSION = YES;
				CLANG_WARN_DEPRECATED_OBJC_IMPLEMENTATIONS = YES;
				CLANG_WARN_DIRECT_OBJC_ISA_USAGE = YES_ERROR;
				CLANG_WARN_DOCUMENTATION_COMMENTS = YES;
				CLANG_WARN_EMPTY_BODY = YES;
				CLANG_WARN_ENUM_CONVERSION = YES;
				CLANG_WARN_INFINITE_RECURSION = YES;
				CLANG_WARN_INT_CONVERSION = YES;
				CLANG_WARN_NON_LITERAL_NULL_CONVERSION = YES;
				CLANG_WARN_OBJC_IMPLICIT_RETAIN_SELF = YES;
				CLANG_WARN_OBJC_LITERAL_CONVERSION = YES;
				CLANG_WARN_OBJC_ROOT_CLASS = YES_ERROR;
				CLANG_WARN_QUOTED_INCLUDE_IN_FRAMEWORK_HEADER = YES;
				CLANG_WARN_RANGE_LOOP_ANALYSIS = YES;
				CLANG_WARN_STRICT_PROTOTYPES = YES;
				CLANG_WARN_SUSPICIOUS_MOVE = YES;
				CLANG_WARN_UNGUARDED_AVAILABILITY = YES_AGGRESSIVE;
				CLANG_WARN_UNREACHABLE_CODE = YES;
				CLANG_WARN__DUPLICATE_METHOD_MATCH = YES;
				CODE_SIGN_IDENTITY = "iPhone Developer";
				COPY_PHASE_STRIP = NO;
				DEBUG_INFORMATION_FORMAT = dwarf;
				ENABLE_STRICT_OBJC_MSGSEND = YES;
				ENABLE_TESTABILITY = YES;
				GCC_C_LANGUAGE_STANDARD = gnu11;
				GCC_DYNAMIC_NO_PIC = NO;
				GCC_NO_COMMON_BLOCKS = YES;
				GCC_OPTIMIZATION_LEVEL = 0;
				GCC_PREPROCESSOR_DEFINITIONS = (
					"DEBUG=1",
					"$(inherited)",
				);
				GCC_WARN_64_TO_32_BIT_CONVERSION = YES;
				GCC_WARN_ABOUT_RETURN_TYPE = YES_ERROR;
				GCC_WARN_UNDECLARED_SELECTOR = YES;
				GCC_WARN_UNINITIALIZED_AUTOS = YES_AGGRESSIVE;
				GCC_WARN_UNUSED_FUNCTION = YES;
				GCC_WARN_UNUSED_VARIABLE = YES;
				IPHONEOS_DEPLOYMENT_TARGET = 12.2;
				MTL_ENABLE_DEBUG_INFO = INCLUDE_SOURCE;
				MTL_FAST_MATH = YES;
				ONLY_ACTIVE_ARCH = YES;
				SDKROOT = iphoneos;
			};
			name = Debug;
		};
		E9267005226EA03900C48C6B /* Release */ = {
			isa = XCBuildConfiguration;
			buildSettings = {
				ALWAYS_SEARCH_USER_PATHS = NO;
				CLANG_ANALYZER_NONNULL = YES;
				CLANG_ANALYZER_NUMBER_OBJECT_CONVERSION = YES_AGGRESSIVE;
				CLANG_CXX_LANGUAGE_STANDARD = "gnu++14";
				CLANG_CXX_LIBRARY = "libc++";
				CLANG_ENABLE_MODULES = YES;
				CLANG_ENABLE_OBJC_ARC = YES;
				CLANG_ENABLE_OBJC_WEAK = YES;
				CLANG_WARN_BLOCK_CAPTURE_AUTORELEASING = YES;
				CLANG_WARN_BOOL_CONVERSION = YES;
				CLANG_WARN_COMMA = YES;
				CLANG_WARN_CONSTANT_CONVERSION = YES;
				CLANG_WARN_DEPRECATED_OBJC_IMPLEMENTATIONS = YES;
				CLANG_WARN_DIRECT_OBJC_ISA_USAGE = YES_ERROR;
				CLANG_WARN_DOCUMENTATION_COMMENTS = YES;
				CLANG_WARN_EMPTY_BODY = YES;
				CLANG_WARN_ENUM_CONVERSION = YES;
				CLANG_WARN_INFINITE_RECURSION = YES;
				CLANG_WARN_INT_CONVERSION = YES;
				CLANG_WARN_NON_LITERAL_NULL_CONVERSION = YES;
				CLANG_WARN_OBJC_IMPLICIT_RETAIN_SELF = YES;
				CLANG_WARN_OBJC_LITERAL_CONVERSION = YES;
				CLANG_WARN_OBJC_ROOT_CLASS = YES_ERROR;
				CLANG_WARN_QUOTED_INCLUDE_IN_FRAMEWORK_HEADER = YES;
				CLANG_WARN_RANGE_LOOP_ANALYSIS = YES;
				CLANG_WARN_STRICT_PROTOTYPES = YES;
				CLANG_WARN_SUSPICIOUS_MOVE = YES;
				CLANG_WARN_UNGUARDED_AVAILABILITY = YES_AGGRESSIVE;
				CLANG_WARN_UNREACHABLE_CODE = YES;
				CLANG_WARN__DUPLICATE_METHOD_MATCH = YES;
				CODE_SIGN_IDENTITY = "iPhone Developer";
				COPY_PHASE_STRIP = NO;
				DEBUG_INFORMATION_FORMAT = "dwarf-with-dsym";
				ENABLE_NS_ASSERTIONS = NO;
				ENABLE_STRICT_OBJC_MSGSEND = YES;
				GCC_C_LANGUAGE_STANDARD = gnu11;
				GCC_NO_COMMON_BLOCKS = YES;
				GCC_WARN_64_TO_32_BIT_CONVERSION = YES;
				GCC_WARN_ABOUT_RETURN_TYPE = YES_ERROR;
				GCC_WARN_UNDECLARED_SELECTOR = YES;
				GCC_WARN_UNINITIALIZED_AUTOS = YES_AGGRESSIVE;
				GCC_WARN_UNUSED_FUNCTION = YES;
				GCC_WARN_UNUSED_VARIABLE = YES;
				IPHONEOS_DEPLOYMENT_TARGET = 12.2;
				MTL_ENABLE_DEBUG_INFO = NO;
				MTL_FAST_MATH = YES;
				SDKROOT = iphoneos;
				VALIDATE_PRODUCT = YES;
			};
			name = Release;
		};
		E9267007226EA03900C48C6B /* Debug */ = {
			isa = XCBuildConfiguration;
			buildSettings = {
				ASSETCATALOG_COMPILER_APPICON_NAME = AppIcon;
				CODE_SIGN_STYLE = Automatic;
				DEVELOPMENT_TEAM = XRZFUD8FS2;
				INFOPLIST_FILE = TwitterCopy/Info.plist;
				LD_RUNPATH_SEARCH_PATHS = (
					"$(inherited)",
					"@executable_path/Frameworks",
				);
				PRODUCT_BUNDLE_IDENTIFIER = sidney.TwitterCopy;
				PRODUCT_NAME = "$(TARGET_NAME)";
				TARGETED_DEVICE_FAMILY = "1,2";
			};
			name = Debug;
		};
		E9267008226EA03900C48C6B /* Release */ = {
			isa = XCBuildConfiguration;
			buildSettings = {
				ASSETCATALOG_COMPILER_APPICON_NAME = AppIcon;
				CODE_SIGN_STYLE = Automatic;
				DEVELOPMENT_TEAM = XRZFUD8FS2;
				INFOPLIST_FILE = TwitterCopy/Info.plist;
				LD_RUNPATH_SEARCH_PATHS = (
					"$(inherited)",
					"@executable_path/Frameworks",
				);
				PRODUCT_BUNDLE_IDENTIFIER = sidney.TwitterCopy;
				PRODUCT_NAME = "$(TARGET_NAME)";
				TARGETED_DEVICE_FAMILY = "1,2";
			};
			name = Release;
		};
		E926700A226EA03900C48C6B /* Debug */ = {
			isa = XCBuildConfiguration;
			buildSettings = {
				BUNDLE_LOADER = "$(TEST_HOST)";
				CODE_SIGN_STYLE = Automatic;
				DEVELOPMENT_TEAM = XRZFUD8FS2;
				INFOPLIST_FILE = TwitterCopyTests/Info.plist;
				LD_RUNPATH_SEARCH_PATHS = (
					"$(inherited)",
					"@executable_path/Frameworks",
					"@loader_path/Frameworks",
				);
				PRODUCT_BUNDLE_IDENTIFIER = sidney.TwitterCopyTests;
				PRODUCT_NAME = "$(TARGET_NAME)";
				TARGETED_DEVICE_FAMILY = "1,2";
				TEST_HOST = "$(BUILT_PRODUCTS_DIR)/TwitterCopy.app/TwitterCopy";
			};
			name = Debug;
		};
		E926700B226EA03900C48C6B /* Release */ = {
			isa = XCBuildConfiguration;
			buildSettings = {
				BUNDLE_LOADER = "$(TEST_HOST)";
				CODE_SIGN_STYLE = Automatic;
				DEVELOPMENT_TEAM = XRZFUD8FS2;
				INFOPLIST_FILE = TwitterCopyTests/Info.plist;
				LD_RUNPATH_SEARCH_PATHS = (
					"$(inherited)",
					"@executable_path/Frameworks",
					"@loader_path/Frameworks",
				);
				PRODUCT_BUNDLE_IDENTIFIER = sidney.TwitterCopyTests;
				PRODUCT_NAME = "$(TARGET_NAME)";
				TARGETED_DEVICE_FAMILY = "1,2";
				TEST_HOST = "$(BUILT_PRODUCTS_DIR)/TwitterCopy.app/TwitterCopy";
			};
			name = Release;
		};
		E926700D226EA03900C48C6B /* Debug */ = {
			isa = XCBuildConfiguration;
			buildSettings = {
				CODE_SIGN_STYLE = Automatic;
				DEVELOPMENT_TEAM = XRZFUD8FS2;
				INFOPLIST_FILE = TwitterCopyUITests/Info.plist;
				LD_RUNPATH_SEARCH_PATHS = (
					"$(inherited)",
					"@executable_path/Frameworks",
					"@loader_path/Frameworks",
				);
				PRODUCT_BUNDLE_IDENTIFIER = sidney.TwitterCopyUITests;
				PRODUCT_NAME = "$(TARGET_NAME)";
				TARGETED_DEVICE_FAMILY = "1,2";
				TEST_TARGET_NAME = TwitterCopy;
			};
			name = Debug;
		};
		E926700E226EA03900C48C6B /* Release */ = {
			isa = XCBuildConfiguration;
			buildSettings = {
				CODE_SIGN_STYLE = Automatic;
				DEVELOPMENT_TEAM = XRZFUD8FS2;
				INFOPLIST_FILE = TwitterCopyUITests/Info.plist;
				LD_RUNPATH_SEARCH_PATHS = (
					"$(inherited)",
					"@executable_path/Frameworks",
					"@loader_path/Frameworks",
				);
				PRODUCT_BUNDLE_IDENTIFIER = sidney.TwitterCopyUITests;
				PRODUCT_NAME = "$(TARGET_NAME)";
				TARGETED_DEVICE_FAMILY = "1,2";
				TEST_TARGET_NAME = TwitterCopy;
			};
			name = Release;
		};
/* End XCBuildConfiguration section */

/* Begin XCConfigurationList section */
		E9266FD5226EA03800C48C6B /* Build configuration list for PBXProject "TwitterCopy" */ = {
			isa = XCConfigurationList;
			buildConfigurations = (
				E9267004226EA03900C48C6B /* Debug */,
				E9267005226EA03900C48C6B /* Release */,
			);
			defaultConfigurationIsVisible = 0;
			defaultConfigurationName = Release;
		};
		E9267006226EA03900C48C6B /* Build configuration list for PBXNativeTarget "TwitterCopy" */ = {
			isa = XCConfigurationList;
			buildConfigurations = (
				E9267007226EA03900C48C6B /* Debug */,
				E9267008226EA03900C48C6B /* Release */,
			);
			defaultConfigurationIsVisible = 0;
			defaultConfigurationName = Release;
		};
		E9267009226EA03900C48C6B /* Build configuration list for PBXNativeTarget "TwitterCopyTests" */ = {
			isa = XCConfigurationList;
			buildConfigurations = (
				E926700A226EA03900C48C6B /* Debug */,
				E926700B226EA03900C48C6B /* Release */,
			);
			defaultConfigurationIsVisible = 0;
			defaultConfigurationName = Release;
		};
		E926700C226EA03900C48C6B /* Build configuration list for PBXNativeTarget "TwitterCopyUITests" */ = {
			isa = XCConfigurationList;
			buildConfigurations = (
				E926700D226EA03900C48C6B /* Debug */,
				E926700E226EA03900C48C6B /* Release */,
			);
			defaultConfigurationIsVisible = 0;
			defaultConfigurationName = Release;
		};
/* End XCConfigurationList section */
	};
	rootObject = E9266FD2226EA03800C48C6B /* Project object */;
}
